{"is_source_file": false, "format": "", "description": "", "external_files": [], "external_methods": [], "published": [], "classes": [], "methods": [], "calls": [], "search-terms": [], "state": 2, "file_id": 9, "knowledge_revision": 25, "git_revision": "56fe9959a2c8fe00836509efc098f4e7ad74ac8c", "hash": "9c4ed7ef73e22b872b8055bec08b8979", "format-version": 4, "code-base-name": "default", "filename": "note_app/post_process_status.lock", "revision_history": [{"25": "56fe9959a2c8fe00836509efc098f4e7ad74ac8c"}]}